
Microsoft Visual Studio Solution File, Format Version 12.00
Project("{2150E333-8FDC-42A3-9474-1A3956D46DE8}") = "src", "src", "{48449149-2589-4D21-94F3-CCF591E5DA32}"
EndProject
Project("{2150E333-8FDC-42A3-9474-1A3956D46DE8}") = "common", "common", "{BCB8EF9A-E80B-4C31-9B3D-0B15F25D8DAC}"
ProjectSection(SolutionItems) = preProject
	README.md = README.md
	.gitignore = .gitignore
	Dockerfile = Dockerfile
	.editorconfig = .editorconfig
EndProjectSection
EndProject
Project("{2150E333-8FDC-42A3-9474-1A3956D46DE8}") = "tests", "tests", "{01BA081E-C98C-43EA-A1A6-EAC69899B4CC}"
EndProject
Project("{2150E333-8FDC-42A3-9474-1A3956D46DE8}") = "deploy", "deploy", "{D17E49AD-8D21-483C-9E96-7AC7D68304AD}"
ProjectSection(SolutionItems) = preProject
	deploy\docker-compose.yml = deploy\docker-compose.yml
EndProjectSection
EndProject
Project("{FAE04EC0-301F-11D3-BF4B-00C04F79EFBC}") = "MerchandiseService.Api", "src\MerchandiseService.Api\MerchandiseService.Api.csproj", "{A8AD7B39-40ED-441E-B54E-DA81EAB2560F}"
EndProject
Project("{FAE04EC0-301F-11D3-BF4B-00C04F79EFBC}") = "MerchandiseService.Grpc", "src\MerchandiseService.Grpc\MerchandiseService.Grpc.csproj", "{B92E68B0-147F-491E-8270-028E273DBC58}"
EndProject
Project("{FAE04EC0-301F-11D3-BF4B-00C04F79EFBC}") = "MerchandiseService.HttpClient", "src\MerchandiseService.HttpClient\MerchandiseService.HttpClient.csproj", "{D9199841-3BFF-4FE9-ACAD-34C46B61BE1E}"
EndProject
Project("{FAE04EC0-301F-11D3-BF4B-00C04F79EFBC}") = "MerchandiseService.HttpModels", "src\MerchandiseService.HttpModels\MerchandiseService.HttpModels.csproj", "{E0D5E581-6B51-4432-A185-313EB7F3F353}"
EndProject
Project("{FAE04EC0-301F-11D3-BF4B-00C04F79EFBC}") = "MerchandiseService.GrpcClient", "src\MerchandiseService.GrpcClient\MerchandiseService.GrpcClient.csproj", "{F0BEC289-A446-432D-9372-A44C7FEE4F84}"
EndProject
Global
	GlobalSection(SolutionConfigurationPlatforms) = preSolution
		Debug|Any CPU = Debug|Any CPU
		Release|Any CPU = Release|Any CPU
	EndGlobalSection
	GlobalSection(NestedProjects) = preSolution
		{A8AD7B39-40ED-441E-B54E-DA81EAB2560F} = {48449149-2589-4D21-94F3-CCF591E5DA32}
		{B92E68B0-147F-491E-8270-028E273DBC58} = {48449149-2589-4D21-94F3-CCF591E5DA32}
		{D9199841-3BFF-4FE9-ACAD-34C46B61BE1E} = {48449149-2589-4D21-94F3-CCF591E5DA32}
		{E0D5E581-6B51-4432-A185-313EB7F3F353} = {48449149-2589-4D21-94F3-CCF591E5DA32}
		{F0BEC289-A446-432D-9372-A44C7FEE4F84} = {48449149-2589-4D21-94F3-CCF591E5DA32}
	EndGlobalSection
	GlobalSection(ProjectConfigurationPlatforms) = postSolution
		{A8AD7B39-40ED-441E-B54E-DA81EAB2560F}.Debug|Any CPU.ActiveCfg = Debug|Any CPU
		{A8AD7B39-40ED-441E-B54E-DA81EAB2560F}.Debug|Any CPU.Build.0 = Debug|Any CPU
		{A8AD7B39-40ED-441E-B54E-DA81EAB2560F}.Release|Any CPU.ActiveCfg = Release|Any CPU
		{A8AD7B39-40ED-441E-B54E-DA81EAB2560F}.Release|Any CPU.Build.0 = Release|Any CPU
		{B92E68B0-147F-491E-8270-028E273DBC58}.Debug|Any CPU.ActiveCfg = Debug|Any CPU
		{B92E68B0-147F-491E-8270-028E273DBC58}.Debug|Any CPU.Build.0 = Debug|Any CPU
		{B92E68B0-147F-491E-8270-028E273DBC58}.Release|Any CPU.ActiveCfg = Release|Any CPU
		{B92E68B0-147F-491E-8270-028E273DBC58}.Release|Any CPU.Build.0 = Release|Any CPU
		{D9199841-3BFF-4FE9-ACAD-34C46B61BE1E}.Debug|Any CPU.ActiveCfg = Debug|Any CPU
		{D9199841-3BFF-4FE9-ACAD-34C46B61BE1E}.Debug|Any CPU.Build.0 = Debug|Any CPU
		{D9199841-3BFF-4FE9-ACAD-34C46B61BE1E}.Release|Any CPU.ActiveCfg = Release|Any CPU
		{D9199841-3BFF-4FE9-ACAD-34C46B61BE1E}.Release|Any CPU.Build.0 = Release|Any CPU
		{E0D5E581-6B51-4432-A185-313EB7F3F353}.Debug|Any CPU.ActiveCfg = Debug|Any CPU
		{E0D5E581-6B51-4432-A185-313EB7F3F353}.Debug|Any CPU.Build.0 = Debug|Any CPU
		{E0D5E581-6B51-4432-A185-313EB7F3F353}.Release|Any CPU.ActiveCfg = Release|Any CPU
		{E0D5E581-6B51-4432-A185-313EB7F3F353}.Release|Any CPU.Build.0 = Release|Any CPU
		{F0BEC289-A446-432D-9372-A44C7FEE4F84}.Debug|Any CPU.ActiveCfg = Debug|Any CPU
		{F0BEC289-A446-432D-9372-A44C7FEE4F84}.Debug|Any CPU.Build.0 = Debug|Any CPU
		{F0BEC289-A446-432D-9372-A44C7FEE4F84}.Release|Any CPU.ActiveCfg = Release|Any CPU
		{F0BEC289-A446-432D-9372-A44C7FEE4F84}.Release|Any CPU.Build.0 = Release|Any CPU
	EndGlobalSection
EndGlobal
